
Microsoft Visual Studio Solution File, Format Version 12.00
# Visual Studio Version 16
VisualStudioVersion = 16.0.30517.126
MinimumVisualStudioVersion = 10.0.40219.1
Project("{FAE04EC0-301F-11D3-BF4B-00C04F79EFBC}") = "WMD_ChatServer", "WMD_ChatServer\WMD_ChatServer.csproj", "{C1D0EAA8-AC72-49EE-AA2F-12EBC8523E2F}"
EndProject
Project("{FAE04EC0-301F-11D3-BF4B-00C04F79EFBC}") = "TestHarness", "TestHarness\TestHarness.csproj", "{4785F6ED-6BE0-4BC4-A565-6048D1AB17CA}"
EndProject
Project("{2150E333-8FDC-42A3-9474-1A3956D46DE8}") = "Solution Items", "Solution Items", "{76289038-AEBA-4747-9066-3B6EA9A9A8A6}"
	ProjectSection(SolutionItems) = preProject
		..\..\..\OneDrive\Documents\Zoom\2020-11-13 14.20.36 Nbyam6317@conestogac.on.ca's Zoom Meeting 96764013162\zoom_0.mp4 = ..\..\..\OneDrive\Documents\Zoom\2020-11-13 14.20.36 Nbyam6317@conestogac.on.ca's Zoom Meeting 96764013162\zoom_0.mp4
	EndProjectSection
EndProject
Global
	GlobalSection(SolutionConfigurationPlatforms) = preSolution
		Debug|Any CPU = Debug|Any CPU
		Release|Any CPU = Release|Any CPU
	EndGlobalSection
	GlobalSection(ProjectConfigurationPlatforms) = postSolution
		{C1D0EAA8-AC72-49EE-AA2F-12EBC8523E2F}.Debug|Any CPU.ActiveCfg = Debug|Any CPU
		{C1D0EAA8-AC72-49EE-AA2F-12EBC8523E2F}.Debug|Any CPU.Build.0 = Debug|Any CPU
		{C1D0EAA8-AC72-49EE-AA2F-12EBC8523E2F}.Release|Any CPU.ActiveCfg = Release|Any CPU
		{C1D0EAA8-AC72-49EE-AA2F-12EBC8523E2F}.Release|Any CPU.Build.0 = Release|Any CPU
		{4785F6ED-6BE0-4BC4-A565-6048D1AB17CA}.Debug|Any CPU.ActiveCfg = Debug|Any CPU
		{4785F6ED-6BE0-4BC4-A565-6048D1AB17CA}.Debug|Any CPU.Build.0 = Debug|Any CPU
		{4785F6ED-6BE0-4BC4-A565-6048D1AB17CA}.Release|Any CPU.ActiveCfg = Release|Any CPU
		{4785F6ED-6BE0-4BC4-A565-6048D1AB17CA}.Release|Any CPU.Build.0 = Release|Any CPU
	EndGlobalSection
	GlobalSection(SolutionProperties) = preSolution
		HideSolutionNode = FALSE
	EndGlobalSection
	GlobalSection(ExtensibilityGlobals) = postSolution
		SolutionGuid = {4E7E0849-63D2-43E6-942B-678FDEF5491C}
	EndGlobalSection
EndGlobal
